
Microsoft Visual Studio Solution File, Format Version 12.00
# Visual Studio Version 17
VisualStudioVersion = 17.0.31903.59
MinimumVisualStudioVersion = 10.0.40219.1
Project("{FAE04EC0-301F-11D3-BF4B-00C04F79EFBC}") = "NuVet.Core", "NuVet.Core\NuVet.Core.csproj", "{8A67F93B-B499-4142-B336-33569B14CDF6}"
EndProject
Project("{FAE04EC0-301F-11D3-BF4B-00C04F79EFBC}") = "NuVet.CLI", "NuVet.CLI\NuVet.CLI.csproj", "{E51BFA74-35EF-4EFE-ABAA-D3B94B8F6B8D}"
EndProject
Project("{FAE04EC0-301F-11D3-BF4B-00C04F79EFBC}") = "NuVet.Tests", "NuVet.Tests\NuVet.Tests.csproj", "{2DF2F332-6FD4-4DA0-A199-3BEC5297D8CD}"
EndProject
Global
	GlobalSection(SolutionConfigurationPlatforms) = preSolution
		Debug|Any CPU = Debug|Any CPU
		Release|Any CPU = Release|Any CPU
	EndGlobalSection
	GlobalSection(SolutionProperties) = preSolution
		HideSolutionNode = FALSE
	EndGlobalSection
	GlobalSection(ProjectConfigurationPlatforms) = postSolution
		{8A67F93B-B499-4142-B336-33569B14CDF6}.Debug|Any CPU.ActiveCfg = Debug|Any CPU
		{8A67F93B-B499-4142-B336-33569B14CDF6}.Debug|Any CPU.Build.0 = Debug|Any CPU
		{8A67F93B-B499-4142-B336-33569B14CDF6}.Release|Any CPU.ActiveCfg = Release|Any CPU
		{8A67F93B-B499-4142-B336-33569B14CDF6}.Release|Any CPU.Build.0 = Release|Any CPU
		{E51BFA74-35EF-4EFE-ABAA-D3B94B8F6B8D}.Debug|Any CPU.ActiveCfg = Debug|Any CPU
		{E51BFA74-35EF-4EFE-ABAA-D3B94B8F6B8D}.Debug|Any CPU.Build.0 = Debug|Any CPU
		{E51BFA74-35EF-4EFE-ABAA-D3B94B8F6B8D}.Release|Any CPU.ActiveCfg = Release|Any CPU
		{E51BFA74-35EF-4EFE-ABAA-D3B94B8F6B8D}.Release|Any CPU.Build.0 = Release|Any CPU
		{2DF2F332-6FD4-4DA0-A199-3BEC5297D8CD}.Debug|Any CPU.ActiveCfg = Debug|Any CPU
		{2DF2F332-6FD4-4DA0-A199-3BEC5297D8CD}.Debug|Any CPU.Build.0 = Debug|Any CPU
		{2DF2F332-6FD4-4DA0-A199-3BEC5297D8CD}.Release|Any CPU.ActiveCfg = Release|Any CPU
		{2DF2F332-6FD4-4DA0-A199-3BEC5297D8CD}.Release|Any CPU.Build.0 = Release|Any CPU
	EndGlobalSection
EndGlobal
